
Microsoft Visual Studio Solution File, Format Version 12.00
# Visual Studio 15
Project("{FAE04EC0-301F-11D3-BF4B-00C04F79EFBC}") = "VuforiaScripts", "VuforiaScripts.csproj", "{F29A615B-E7D9-A5DE-AC47-8F3E298719B0}"
EndProject
Project("{FAE04EC0-301F-11D3-BF4B-00C04F79EFBC}") = "VuforiaEditorScripts", "VuforiaEditorScripts.csproj", "{7440EE5E-68E6-92A3-6534-F67D46167D36}"
EndProject
Global
	GlobalSection(SolutionConfigurationPlatforms) = preSolution
		Debug|Any CPU = Debug|Any CPU
		Release|Any CPU = Release|Any CPU
	EndGlobalSection
	GlobalSection(ProjectConfigurationPlatforms) = postSolution
		{F29A615B-E7D9-A5DE-AC47-8F3E298719B0}.Debug|Any CPU.ActiveCfg = Debug|Any CPU
		{F29A615B-E7D9-A5DE-AC47-8F3E298719B0}.Debug|Any CPU.Build.0 = Debug|Any CPU
		{F29A615B-E7D9-A5DE-AC47-8F3E298719B0}.Release|Any CPU.ActiveCfg = Release|Any CPU
		{F29A615B-E7D9-A5DE-AC47-8F3E298719B0}.Release|Any CPU.Build.0 = Release|Any CPU
		{7440EE5E-68E6-92A3-6534-F67D46167D36}.Debug|Any CPU.ActiveCfg = Debug|Any CPU
		{7440EE5E-68E6-92A3-6534-F67D46167D36}.Debug|Any CPU.Build.0 = Debug|Any CPU
		{7440EE5E-68E6-92A3-6534-F67D46167D36}.Release|Any CPU.ActiveCfg = Release|Any CPU
		{7440EE5E-68E6-92A3-6534-F67D46167D36}.Release|Any CPU.Build.0 = Release|Any CPU
	EndGlobalSection
	GlobalSection(SolutionProperties) = preSolution
		HideSolutionNode = FALSE
	EndGlobalSection
EndGlobal
